
Microsoft Visual Studio Solution File, Format Version 12.00
# Visual Studio Version 16
VisualStudioVersion = 16.0.29926.136
MinimumVisualStudioVersion = 10.0.40219.1
Project("{9A19103F-16F7-4668-BE54-9A1E7A4F7556}") = "BattleNetApi", "src\BattlenetApi\BattleNetApi.csproj", "{D0105038-2601-4487-A3AE-2457BDFC045A}"
EndProject
Project("{2150E333-8FDC-42A3-9474-1A3956D46DE8}") = "src", "src", "{AFDFED57-7561-444F-94DA-16838B0AA3FA}"
EndProject
Project("{2150E333-8FDC-42A3-9474-1A3956D46DE8}") = "test", "test", "{DD21D5A6-2C4F-4EBC-B9D7-88F51E0B7000}"
EndProject
Project("{9A19103F-16F7-4668-BE54-9A1E7A4F7556}") = "BattlenetTest", "test\BattlenetTest\BattlenetTest.csproj", "{3C40A18A-D946-4409-AA93-D9E5992156A8}"
EndProject
Project("{9A19103F-16F7-4668-BE54-9A1E7A4F7556}") = "BattleNetCLI", "src\BattlenetCLI\BattleNetCLI.csproj", "{DE452483-81ED-4314-BAA5-A741E304EAB7}"
EndProject
Global
	GlobalSection(SolutionConfigurationPlatforms) = preSolution
		Debug|Any CPU = Debug|Any CPU
		Release|Any CPU = Release|Any CPU
	EndGlobalSection
	GlobalSection(ProjectConfigurationPlatforms) = postSolution
		{D0105038-2601-4487-A3AE-2457BDFC045A}.Debug|Any CPU.ActiveCfg = Debug|Any CPU
		{D0105038-2601-4487-A3AE-2457BDFC045A}.Debug|Any CPU.Build.0 = Debug|Any CPU
		{D0105038-2601-4487-A3AE-2457BDFC045A}.Release|Any CPU.ActiveCfg = Release|Any CPU
		{D0105038-2601-4487-A3AE-2457BDFC045A}.Release|Any CPU.Build.0 = Release|Any CPU
		{3C40A18A-D946-4409-AA93-D9E5992156A8}.Debug|Any CPU.ActiveCfg = Debug|Any CPU
		{3C40A18A-D946-4409-AA93-D9E5992156A8}.Debug|Any CPU.Build.0 = Debug|Any CPU
		{3C40A18A-D946-4409-AA93-D9E5992156A8}.Release|Any CPU.ActiveCfg = Release|Any CPU
		{3C40A18A-D946-4409-AA93-D9E5992156A8}.Release|Any CPU.Build.0 = Release|Any CPU
		{DE452483-81ED-4314-BAA5-A741E304EAB7}.Debug|Any CPU.ActiveCfg = Debug|Any CPU
		{DE452483-81ED-4314-BAA5-A741E304EAB7}.Debug|Any CPU.Build.0 = Debug|Any CPU
		{DE452483-81ED-4314-BAA5-A741E304EAB7}.Release|Any CPU.ActiveCfg = Release|Any CPU
		{DE452483-81ED-4314-BAA5-A741E304EAB7}.Release|Any CPU.Build.0 = Release|Any CPU
	EndGlobalSection
	GlobalSection(SolutionProperties) = preSolution
		HideSolutionNode = FALSE
	EndGlobalSection
	GlobalSection(NestedProjects) = preSolution
		{D0105038-2601-4487-A3AE-2457BDFC045A} = {AFDFED57-7561-444F-94DA-16838B0AA3FA}
		{3C40A18A-D946-4409-AA93-D9E5992156A8} = {DD21D5A6-2C4F-4EBC-B9D7-88F51E0B7000}
		{DE452483-81ED-4314-BAA5-A741E304EAB7} = {AFDFED57-7561-444F-94DA-16838B0AA3FA}
	EndGlobalSection
	GlobalSection(ExtensibilityGlobals) = postSolution
		SolutionGuid = {86CBC07C-AAC1-4D1D-9319-F5D17CDA0985}
	EndGlobalSection
EndGlobal
